
Microsoft Visual Studio Solution File, Format Version 12.00
# Visual Studio Version 17
VisualStudioVersion = 17.0.32112.339
MinimumVisualStudioVersion = 10.0.40219.1
Project("{9A19103F-16F7-4668-BE54-9A1E7A4F7556}") = "blog-be", "blog-be\blog-be.csproj", "{AB74EDE6-4D44-4F01-9CBD-0403CDBA06F0}"
EndProject
Project("{2150E333-8FDC-42A3-9474-1A3956D46DE8}") = "test", "test", "{7511F482-081D-470C-9BB3-AECECE5970FC}"
EndProject
Global
	GlobalSection(SolutionConfigurationPlatforms) = preSolution
		Debug|Any CPU = Debug|Any CPU
		Release|Any CPU = Release|Any CPU
	EndGlobalSection
	GlobalSection(ProjectConfigurationPlatforms) = postSolution
		{AB74EDE6-4D44-4F01-9CBD-0403CDBA06F0}.Debug|Any CPU.ActiveCfg = Debug|Any CPU
		{AB74EDE6-4D44-4F01-9CBD-0403CDBA06F0}.Debug|Any CPU.Build.0 = Debug|Any CPU
		{AB74EDE6-4D44-4F01-9CBD-0403CDBA06F0}.Release|Any CPU.ActiveCfg = Release|Any CPU
		{AB74EDE6-4D44-4F01-9CBD-0403CDBA06F0}.Release|Any CPU.Build.0 = Release|Any CPU
	EndGlobalSection
	GlobalSection(SolutionProperties) = preSolution
		HideSolutionNode = FALSE
	EndGlobalSection
	GlobalSection(ExtensibilityGlobals) = postSolution
		SolutionGuid = {06FE3897-9B73-458B-9334-34656B2827D5}
	EndGlobalSection
EndGlobal
